// !$*UTF8*$!
{
	archiveVersion = 1;
	classes = {
	};
	objectVersion = 56;
	objects = {

/* Begin PBXBuildFile section */
		053C10592BEE29B200402C5D /* DeliverflyApp.swift in Sources */ = {isa = PBXBuildFile; fileRef = 053C10582BEE29B200402C5D /* DeliverflyApp.swift */; };
		053C105D2BEE29B400402C5D /* Assets.xcassets in Resources */ = {isa = PBXBuildFile; fileRef = 053C105C2BEE29B400402C5D /* Assets.xcassets */; };
		053C10672BEE3F7B00402C5D /* SplashView.swift in Sources */ = {isa = PBXBuildFile; fileRef = 053C10662BEE3F7B00402C5D /* SplashView.swift */; };
		05A7807E2BEE77BC00575CBC /* RestaurantPreview.swift in Sources */ = {isa = PBXBuildFile; fileRef = 05A7807D2BEE77BC00575CBC /* RestaurantPreview.swift */; };
		05A780802BEE7C1600575CBC /* HomeView.swift in Sources */ = {isa = PBXBuildFile; fileRef = 05A7807F2BEE7C1600575CBC /* HomeView.swift */; };
		05A780832BEE8A8F00575CBC /* Food.swift in Sources */ = {isa = PBXBuildFile; fileRef = 05A780822BEE8A8F00575CBC /* Food.swift */; };
		05A780852BEE8E5300575CBC /* FoodPreview.swift in Sources */ = {isa = PBXBuildFile; fileRef = 05A780842BEE8E5300575CBC /* FoodPreview.swift */; };
		05A780882BEF836700575CBC /* Restaurant.swift in Sources */ = {isa = PBXBuildFile; fileRef = 05A780872BEF836700575CBC /* Restaurant.swift */; };
		05AEEDB92BEF8FD1009AA32C /* RestaurantView.swift in Sources */ = {isa = PBXBuildFile; fileRef = 05AEEDB82BEF8FD1009AA32C /* RestaurantView.swift */; };
		05AEEDBB2BEF9319009AA32C /* Components.swift in Sources */ = {isa = PBXBuildFile; fileRef = 05AEEDBA2BEF9319009AA32C /* Components.swift */; };
		05AEEDC32BEFBE90009AA32C /* Ingredient.swift in Sources */ = {isa = PBXBuildFile; fileRef = 05AEEDC22BEFBE90009AA32C /* Ingredient.swift */; };
		05AEEDC52BEFC147009AA32C /* FoodView.swift in Sources */ = {isa = PBXBuildFile; fileRef = 05AEEDC42BEFC147009AA32C /* FoodView.swift */; };
		05AEEDC72BEFC1EB009AA32C /* Navigation.swift in Sources */ = {isa = PBXBuildFile; fileRef = 05AEEDC62BEFC1EB009AA32C /* Navigation.swift */; };
/* End PBXBuildFile section */

/* Begin PBXFileReference section */
		053C10552BEE29B200402C5D /* Deliverfly.app */ = {isa = PBXFileReference; explicitFileType = wrapper.application; includeInIndex = 0; path = Deliverfly.app; sourceTree = BUILT_PRODUCTS_DIR; };
		053C10582BEE29B200402C5D /* DeliverflyApp.swift */ = {isa = PBXFileReference; lastKnownFileType = sourcecode.swift; path = DeliverflyApp.swift; sourceTree = "<group>"; };
		053C105C2BEE29B400402C5D /* Assets.xcassets */ = {isa = PBXFileReference; lastKnownFileType = folder.assetcatalog; path = Assets.xcassets; sourceTree = "<group>"; };
		053C10662BEE3F7B00402C5D /* SplashView.swift */ = {isa = PBXFileReference; lastKnownFileType = sourcecode.swift; path = SplashView.swift; sourceTree = "<group>"; };
		05A7807D2BEE77BC00575CBC /* RestaurantPreview.swift */ = {isa = PBXFileReference; lastKnownFileType = sourcecode.swift; path = RestaurantPreview.swift; sourceTree = "<group>"; };
		05A7807F2BEE7C1600575CBC /* HomeView.swift */ = {isa = PBXFileReference; lastKnownFileType = sourcecode.swift; path = HomeView.swift; sourceTree = "<group>"; };
		05A780822BEE8A8F00575CBC /* Food.swift */ = {isa = PBXFileReference; lastKnownFileType = sourcecode.swift; path = Food.swift; sourceTree = "<group>"; };
		05A780842BEE8E5300575CBC /* FoodPreview.swift */ = {isa = PBXFileReference; lastKnownFileType = sourcecode.swift; path = FoodPreview.swift; sourceTree = "<group>"; };
		05A780872BEF836700575CBC /* Restaurant.swift */ = {isa = PBXFileReference; lastKnownFileType = sourcecode.swift; path = Restaurant.swift; sourceTree = "<group>"; };
		05AEEDB82BEF8FD1009AA32C /* RestaurantView.swift */ = {isa = PBXFileReference; lastKnownFileType = sourcecode.swift; path = RestaurantView.swift; sourceTree = "<group>"; };
		05AEEDBA2BEF9319009AA32C /* Components.swift */ = {isa = PBXFileReference; lastKnownFileType = sourcecode.swift; path = Components.swift; sourceTree = "<group>"; };
		05AEEDC22BEFBE90009AA32C /* Ingredient.swift */ = {isa = PBXFileReference; lastKnownFileType = sourcecode.swift; path = Ingredient.swift; sourceTree = "<group>"; };
		05AEEDC42BEFC147009AA32C /* FoodView.swift */ = {isa = PBXFileReference; lastKnownFileType = sourcecode.swift; path = FoodView.swift; sourceTree = "<group>"; };
		05AEEDC62BEFC1EB009AA32C /* Navigation.swift */ = {isa = PBXFileReference; lastKnownFileType = sourcecode.swift; path = Navigation.swift; sourceTree = "<group>"; };
/* End PBXFileReference section */

/* Begin PBXFrameworksBuildPhase section */
		053C10522BEE29B200402C5D /* Frameworks */ = {
			isa = PBXFrameworksBuildPhase;
			buildActionMask = 2147483647;
			files = (
			);
			runOnlyForDeploymentPostprocessing = 0;
		};
/* End PBXFrameworksBuildPhase section */

/* Begin PBXGroup section */
		053C104C2BEE29B200402C5D = {
			isa = PBXGroup;
			children = (
				053C10572BEE29B200402C5D /* Deliverfly */,
				053C10562BEE29B200402C5D /* Products */,
			);
			sourceTree = "<group>";
		};
		053C10562BEE29B200402C5D /* Products */ = {
			isa = PBXGroup;
			children = (
				053C10552BEE29B200402C5D /* Deliverfly.app */,
			);
			name = Products;
			sourceTree = "<group>";
		};
		053C10572BEE29B200402C5D /* Deliverfly */ = {
			isa = PBXGroup;
			children = (
				053C10582BEE29B200402C5D /* DeliverflyApp.swift */,
				053C105C2BEE29B400402C5D /* Assets.xcassets */,
				05A780812BEE7C2300575CBC /* Views */,
				05A780862BEE91A400575CBC /* Previews */,
				05A780892BEF83CF00575CBC /* Models */,
				05AEEDBA2BEF9319009AA32C /* Components.swift */,
				05AEEDC62BEFC1EB009AA32C /* Navigation.swift */,
			);
			path = Deliverfly;
			sourceTree = "<group>";
		};
		05A780812BEE7C2300575CBC /* Views */ = {
			isa = PBXGroup;
			children = (
				053C10662BEE3F7B00402C5D /* SplashView.swift */,
				05A7807F2BEE7C1600575CBC /* HomeView.swift */,
				05AEEDB82BEF8FD1009AA32C /* RestaurantView.swift */,
				05AEEDC42BEFC147009AA32C /* FoodView.swift */,
			);
			path = Views;
			sourceTree = "<group>";
		};
		05A780862BEE91A400575CBC /* Previews */ = {
			isa = PBXGroup;
			children = (
				05A7807D2BEE77BC00575CBC /* RestaurantPreview.swift */,
				05A780842BEE8E5300575CBC /* FoodPreview.swift */,
			);
			path = Previews;
			sourceTree = "<group>";
		};
		05A780892BEF83CF00575CBC /* Models */ = {
			isa = PBXGroup;
			children = (
				05A780822BEE8A8F00575CBC /* Food.swift */,
				05A780872BEF836700575CBC /* Restaurant.swift */,
				05AEEDC22BEFBE90009AA32C /* Ingredient.swift */,
			);
			path = Models;
			sourceTree = "<group>";
		};
/* End PBXGroup section */

/* Begin PBXNativeTarget section */
		053C10542BEE29B200402C5D /* Deliverfly */ = {
			isa = PBXNativeTarget;
			buildConfigurationList = 053C10632BEE29B400402C5D /* Build configuration list for PBXNativeTarget "Deliverfly" */;
			buildPhases = (
				053C10512BEE29B200402C5D /* Sources */,
				053C10522BEE29B200402C5D /* Frameworks */,
				053C10532BEE29B200402C5D /* Resources */,
			);
			buildRules = (
			);
			dependencies = (
			);
			name = Deliverfly;
			productName = Deliverfly;
			productReference = 053C10552BEE29B200402C5D /* Deliverfly.app */;
			productType = "com.apple.product-type.application";
		};
/* End PBXNativeTarget section */

/* Begin PBXProject section */
		053C104D2BEE29B200402C5D /* Project object */ = {
			isa = PBXProject;
			attributes = {
				BuildIndependentTargetsInParallel = 1;
				LastSwiftUpdateCheck = 1530;
				LastUpgradeCheck = 1530;
				TargetAttributes = {
					053C10542BEE29B200402C5D = {
						CreatedOnToolsVersion = 15.3;
					};
				};
			};
			buildConfigurationList = 053C10502BEE29B200402C5D /* Build configuration list for PBXProject "Deliverfly" */;
			compatibilityVersion = "Xcode 14.0";
			developmentRegion = en;
			hasScannedForEncodings = 0;
			knownRegions = (
				en,
				Base,
			);
			mainGroup = 053C104C2BEE29B200402C5D;
			productRefGroup = 053C10562BEE29B200402C5D /* Products */;
			projectDirPath = "";
			projectRoot = "";
			targets = (
				053C10542BEE29B200402C5D /* Deliverfly */,
			);
		};
/* End PBXProject section */

/* Begin PBXResourcesBuildPhase section */
		053C10532BEE29B200402C5D /* Resources */ = {
			isa = PBXResourcesBuildPhase;
			buildActionMask = 2147483647;
			files = (
				053C105D2BEE29B400402C5D /* Assets.xcassets in Resources */,
			);
			runOnlyForDeploymentPostprocessing = 0;
		};
/* End PBXResourcesBuildPhase section */

/* Begin PBXSourcesBuildPhase section */
		053C10512BEE29B200402C5D /* Sources */ = {
			isa = PBXSourcesBuildPhase;
			buildActionMask = 2147483647;
			files = (
				053C10592BEE29B200402C5D /* DeliverflyApp.swift in Sources */,
				05A780802BEE7C1600575CBC /* HomeView.swift in Sources */,
				05AEEDC32BEFBE90009AA32C /* Ingredient.swift in Sources */,
				05AEEDC72BEFC1EB009AA32C /* Navigation.swift in Sources */,
				05AEEDC52BEFC147009AA32C /* FoodView.swift in Sources */,
				05A780832BEE8A8F00575CBC /* Food.swift in Sources */,
				05AEEDB92BEF8FD1009AA32C /* RestaurantView.swift in Sources */,
				05A780882BEF836700575CBC /* Restaurant.swift in Sources */,
				05A7807E2BEE77BC00575CBC /* RestaurantPreview.swift in Sources */,
				05A780852BEE8E5300575CBC /* FoodPreview.swift in Sources */,
				05AEEDBB2BEF9319009AA32C /* Components.swift in Sources */,
				053C10672BEE3F7B00402C5D /* SplashView.swift in Sources */,
			);
			runOnlyForDeploymentPostprocessing = 0;
		};
/* End PBXSourcesBuildPhase section */

/* Begin XCBuildConfiguration section */
		053C10612BEE29B400402C5D /* Debug */ = {
			isa = XCBuildConfiguration;
			buildSettings = {
				ALWAYS_SEARCH_USER_PATHS = NO;
				ASSETCATALOG_COMPILER_GENERATE_SWIFT_ASSET_SYMBOL_EXTENSIONS = YES;
				CLANG_ANALYZER_NONNULL = YES;
				CLANG_ANALYZER_NUMBER_OBJECT_CONVERSION = YES_AGGRESSIVE;
				CLANG_CXX_LANGUAGE_STANDARD = "gnu++20";
				CLANG_ENABLE_MODULES = YES;
				CLANG_ENABLE_OBJC_ARC = YES;
				CLANG_ENABLE_OBJC_WEAK = YES;
				CLANG_WARN_BLOCK_CAPTURE_AUTORELEASING = YES;
				CLANG_WARN_BOOL_CONVERSION = YES;
				CLANG_WARN_COMMA = YES;
				CLANG_WARN_CONSTANT_CONVERSION = YES;
				CLANG_WARN_DEPRECATED_OBJC_IMPLEMENTATIONS = YES;
				CLANG_WARN_DIRECT_OBJC_ISA_USAGE = YES_ERROR;
				CLANG_WARN_DOCUMENTATION_COMMENTS = YES;
				CLANG_WARN_EMPTY_BODY = YES;
				CLANG_WARN_ENUM_CONVERSION = YES;
				CLANG_WARN_INFINITE_RECURSION = YES;
				CLANG_WARN_INT_CONVERSION = YES;
				CLANG_WARN_NON_LITERAL_NULL_CONVERSION = YES;
				CLANG_WARN_OBJC_IMPLICIT_RETAIN_SELF = YES;
				CLANG_WARN_OBJC_LITERAL_CONVERSION = YES;
				CLANG_WARN_OBJC_ROOT_CLASS = YES_ERROR;
				CLANG_WARN_QUOTED_INCLUDE_IN_FRAMEWORK_HEADER = YES;
				CLANG_WARN_RANGE_LOOP_ANALYSIS = YES;
				CLANG_WARN_STRICT_PROTOTYPES = YES;
				CLANG_WARN_SUSPICIOUS_MOVE = YES;
				CLANG_WARN_UNGUARDED_AVAILABILITY = YES_AGGRESSIVE;
				CLANG_WARN_UNREACHABLE_CODE = YES;
				CLANG_WARN__DUPLICATE_METHOD_MATCH = YES;
				COPY_PHASE_STRIP = NO;
				DEBUG_INFORMATION_FORMAT = dwarf;
				ENABLE_STRICT_OBJC_MSGSEND = YES;
				ENABLE_TESTABILITY = YES;
				ENABLE_USER_SCRIPT_SANDBOXING = YES;
				GCC_C_LANGUAGE_STANDARD = gnu17;
				GCC_DYNAMIC_NO_PIC = NO;
				GCC_NO_COMMON_BLOCKS = YES;
				GCC_OPTIMIZATION_LEVEL = 0;
				GCC_PREPROCESSOR_DEFINITIONS = (
					"DEBUG=1",
					"$(inherited)",
				);
				GCC_WARN_64_TO_32_BIT_CONVERSION = YES;
				GCC_WARN_ABOUT_RETURN_TYPE = YES_ERROR;
				GCC_WARN_UNDECLARED_SELECTOR = YES;
				GCC_WARN_UNINITIALIZED_AUTOS = YES_AGGRESSIVE;
				GCC_WARN_UNUSED_FUNCTION = YES;
				GCC_WARN_UNUSED_VARIABLE = YES;
				IPHONEOS_DEPLOYMENT_TARGET = 17.4;
				LOCALIZATION_PREFERS_STRING_CATALOGS = YES;
				MTL_ENABLE_DEBUG_INFO = INCLUDE_SOURCE;
				MTL_FAST_MATH = YES;
				ONLY_ACTIVE_ARCH = YES;
				SDKROOT = iphoneos;
				SWIFT_ACTIVE_COMPILATION_CONDITIONS = "DEBUG $(inherited)";
				SWIFT_OPTIMIZATION_LEVEL = "-Onone";
			};
			name = Debug;
		};
		053C10622BEE29B400402C5D /* Release */ = {
			isa = XCBuildConfiguration;
			buildSettings = {
				ALWAYS_SEARCH_USER_PATHS = NO;
				ASSETCATALOG_COMPILER_GENERATE_SWIFT_ASSET_SYMBOL_EXTENSIONS = YES;
				CLANG_ANALYZER_NONNULL = YES;
				CLANG_ANALYZER_NUMBER_OBJECT_CONVERSION = YES_AGGRESSIVE;
				CLANG_CXX_LANGUAGE_STANDARD = "gnu++20";
				CLANG_ENABLE_MODULES = YES;
				CLANG_ENABLE_OBJC_ARC = YES;
				CLANG_ENABLE_OBJC_WEAK = YES;
				CLANG_WARN_BLOCK_CAPTURE_AUTORELEASING = YES;
				CLANG_WARN_BOOL_CONVERSION = YES;
				CLANG_WARN_COMMA = YES;
				CLANG_WARN_CONSTANT_CONVERSION = YES;
				CLANG_WARN_DEPRECATED_OBJC_IMPLEMENTATIONS = YES;
				CLANG_WARN_DIRECT_OBJC_ISA_USAGE = YES_ERROR;
				CLANG_WARN_DOCUMENTATION_COMMENTS = YES;
				CLANG_WARN_EMPTY_BODY = YES;
				CLANG_WARN_ENUM_CONVERSION = YES;
				CLANG_WARN_INFINITE_RECURSION = YES;
				CLANG_WARN_INT_CONVERSION = YES;
				CLANG_WARN_NON_LITERAL_NULL_CONVERSION = YES;
				CLANG_WARN_OBJC_IMPLICIT_RETAIN_SELF = YES;
				CLANG_WARN_OBJC_LITERAL_CONVERSION = YES;
				CLANG_WARN_OBJC_ROOT_CLASS = YES_ERROR;
				CLANG_WARN_QUOTED_INCLUDE_IN_FRAMEWORK_HEADER = YES;
				CLANG_WARN_RANGE_LOOP_ANALYSIS = YES;
				CLANG_WARN_STRICT_PROTOTYPES = YES;
				CLANG_WARN_SUSPICIOUS_MOVE = YES;
				CLANG_WARN_UNGUARDED_AVAILABILITY = YES_AGGRESSIVE;
				CLANG_WARN_UNREACHABLE_CODE = YES;
				CLANG_WARN__DUPLICATE_METHOD_MATCH = YES;
				COPY_PHASE_STRIP = NO;
				DEBUG_INFORMATION_FORMAT = "dwarf-with-dsym";
				ENABLE_NS_ASSERTIONS = NO;
				ENABLE_STRICT_OBJC_MSGSEND = YES;
				ENABLE_USER_SCRIPT_SANDBOXING = YES;
				GCC_C_LANGUAGE_STANDARD = gnu17;
				GCC_NO_COMMON_BLOCKS = YES;
				GCC_WARN_64_TO_32_BIT_CONVERSION = YES;
				GCC_WARN_ABOUT_RETURN_TYPE = YES_ERROR;
				GCC_WARN_UNDECLARED_SELECTOR = YES;
				GCC_WARN_UNINITIALIZED_AUTOS = YES_AGGRESSIVE;
				GCC_WARN_UNUSED_FUNCTION = YES;
				GCC_WARN_UNUSED_VARIABLE = YES;
				IPHONEOS_DEPLOYMENT_TARGET = 17.4;
				LOCALIZATION_PREFERS_STRING_CATALOGS = YES;
				MTL_ENABLE_DEBUG_INFO = NO;
				MTL_FAST_MATH = YES;
				SDKROOT = iphoneos;
				SWIFT_COMPILATION_MODE = wholemodule;
				VALIDATE_PRODUCT = YES;
			};
			name = Release;
		};
		053C10642BEE29B400402C5D /* Debug */ = {
			isa = XCBuildConfiguration;
			buildSettings = {
				ASSETCATALOG_COMPILER_APPICON_NAME = AppIcon;
				ASSETCATALOG_COMPILER_GLOBAL_ACCENT_COLOR_NAME = AccentColor;
				CODE_SIGN_STYLE = Automatic;
				CURRENT_PROJECT_VERSION = 1;
				DEVELOPMENT_ASSET_PATHS = "";
				DEVELOPMENT_TEAM = 66TAJK75QP;
				ENABLE_PREVIEWS = YES;
				GENERATE_INFOPLIST_FILE = YES;
				INFOPLIST_KEY_UIApplicationSceneManifest_Generation = YES;
				INFOPLIST_KEY_UIApplicationSupportsIndirectInputEvents = YES;
				INFOPLIST_KEY_UILaunchScreen_Generation = YES;
				INFOPLIST_KEY_UISupportedInterfaceOrientations_iPad = "UIInterfaceOrientationPortrait UIInterfaceOrientationPortraitUpsideDown UIInterfaceOrientationLandscapeLeft UIInterfaceOrientationLandscapeRight";
				INFOPLIST_KEY_UISupportedInterfaceOrientations_iPhone = "UIInterfaceOrientationPortrait UIInterfaceOrientationLandscapeLeft UIInterfaceOrientationLandscapeRight";
				LD_RUNPATH_SEARCH_PATHS = (
					"$(inherited)",
					"@executable_path/Frameworks",
				);
				MARKETING_VERSION = 1.0;
				PRODUCT_BUNDLE_IDENTIFIER = tumo.Deliverfly;
				PRODUCT_NAME = "$(TARGET_NAME)";
				SWIFT_EMIT_LOC_STRINGS = YES;
				SWIFT_VERSION = 5.0;
				TARGETED_DEVICE_FAMILY = "1,2";
			};
			name = Debug;
		};
		053C10652BEE29B400402C5D /* Release */ = {
			isa = XCBuildConfiguration;
			buildSettings = {
				ASSETCATALOG_COMPILER_APPICON_NAME = AppIcon;
				ASSETCATALOG_COMPILER_GLOBAL_ACCENT_COLOR_NAME = AccentColor;
				CODE_SIGN_STYLE = Automatic;
				CURRENT_PROJECT_VERSION = 1;
				DEVELOPMENT_ASSET_PATHS = "";
				DEVELOPMENT_TEAM = 66TAJK75QP;
				ENABLE_PREVIEWS = YES;
				GENERATE_INFOPLIST_FILE = YES;
				INFOPLIST_KEY_UIApplicationSceneManifest_Generation = YES;
				INFOPLIST_KEY_UIApplicationSupportsIndirectInputEvents = YES;
				INFOPLIST_KEY_UILaunchScreen_Generation = YES;
				INFOPLIST_KEY_UISupportedInterfaceOrientations_iPad = "UIInterfaceOrientationPortrait UIInterfaceOrientationPortraitUpsideDown UIInterfaceOrientationLandscapeLeft UIInterfaceOrientationLandscapeRight";
				INFOPLIST_KEY_UISupportedInterfaceOrientations_iPhone = "UIInterfaceOrientationPortrait UIInterfaceOrientationLandscapeLeft UIInterfaceOrientationLandscapeRight";
				LD_RUNPATH_SEARCH_PATHS = (
					"$(inherited)",
					"@executable_path/Frameworks",
				);
				MARKETING_VERSION = 1.0;
				PRODUCT_BUNDLE_IDENTIFIER = tumo.Deliverfly;
				PRODUCT_NAME = "$(TARGET_NAME)";
				SWIFT_EMIT_LOC_STRINGS = YES;
				SWIFT_VERSION = 5.0;
				TARGETED_DEVICE_FAMILY = "1,2";
			};
			name = Release;
		};
/* End XCBuildConfiguration section */

/* Begin XCConfigurationList section */
		053C10502BEE29B200402C5D /* Build configuration list for PBXProject "Deliverfly" */ = {
			isa = XCConfigurationList;
			buildConfigurations = (
				053C10612BEE29B400402C5D /* Debug */,
				053C10622BEE29B400402C5D /* Release */,
			);
			defaultConfigurationIsVisible = 0;
			defaultConfigurationName = Release;
		};
		053C10632BEE29B400402C5D /* Build configuration list for PBXNativeTarget "Deliverfly" */ = {
			isa = XCConfigurationList;
			buildConfigurations = (
				053C10642BEE29B400402C5D /* Debug */,
				053C10652BEE29B400402C5D /* Release */,
			);
			defaultConfigurationIsVisible = 0;
			defaultConfigurationName = Release;
		};
/* End XCConfigurationList section */
	};
	rootObject = 053C104D2BEE29B200402C5D /* Project object */;
}
